// !$*UTF8*$!
{
	archiveVersion = 1;
	classes = {
	};
	objectVersion = 55;
	objects = {

/* Begin PBXBuildFile section */
		EC804B0427C2C0BD0097FFA1 /* AppDelegate.swift in Sources */ = {isa = PBXBuildFile; fileRef = EC804B0327C2C0BD0097FFA1 /* AppDelegate.swift */; };
		EC804B0627C2C0BD0097FFA1 /* SceneDelegate.swift in Sources */ = {isa = PBXBuildFile; fileRef = EC804B0527C2C0BD0097FFA1 /* SceneDelegate.swift */; };
		EC804B0827C2C0BD0097FFA1 /* ViewController.swift in Sources */ = {isa = PBXBuildFile; fileRef = EC804B0727C2C0BD0097FFA1 /* ViewController.swift */; };
		EC804B0B27C2C0BD0097FFA1 /* Main.storyboard in Resources */ = {isa = PBXBuildFile; fileRef = EC804B0927C2C0BD0097FFA1 /* Main.storyboard */; };
		EC804B0D27C2C0BF0097FFA1 /* Assets.xcassets in Resources */ = {isa = PBXBuildFile; fileRef = EC804B0C27C2C0BF0097FFA1 /* Assets.xcassets */; };
		EC804B1027C2C0C00097FFA1 /* LaunchScreen.storyboard in Resources */ = {isa = PBXBuildFile; fileRef = EC804B0E27C2C0C00097FFA1 /* LaunchScreen.storyboard */; };
		EC804B1B27C2C0C00097FFA1 /* LetsAdoptTests.swift in Sources */ = {isa = PBXBuildFile; fileRef = EC804B1A27C2C0C00097FFA1 /* LetsAdoptTests.swift */; };
		EC804B2527C2C0C00097FFA1 /* LetsAdoptUITests.swift in Sources */ = {isa = PBXBuildFile; fileRef = EC804B2427C2C0C00097FFA1 /* LetsAdoptUITests.swift */; };
		EC804B2727C2C0C00097FFA1 /* LetsAdoptUITestsLaunchTests.swift in Sources */ = {isa = PBXBuildFile; fileRef = EC804B2627C2C0C00097FFA1 /* LetsAdoptUITestsLaunchTests.swift */; };
/* End PBXBuildFile section */

/* Begin PBXContainerItemProxy section */
		EC804B1727C2C0C00097FFA1 /* PBXContainerItemProxy */ = {
			isa = PBXContainerItemProxy;
			containerPortal = EC804AF827C2C0BC0097FFA1 /* Project object */;
			proxyType = 1;
			remoteGlobalIDString = EC804AFF27C2C0BC0097FFA1;
			remoteInfo = LetsAdopt;
		};
		EC804B2127C2C0C00097FFA1 /* PBXContainerItemProxy */ = {
			isa = PBXContainerItemProxy;
			containerPortal = EC804AF827C2C0BC0097FFA1 /* Project object */;
			proxyType = 1;
			remoteGlobalIDString = EC804AFF27C2C0BC0097FFA1;
			remoteInfo = LetsAdopt;
		};
/* End PBXContainerItemProxy section */

/* Begin PBXFileReference section */
		EC804B0027C2C0BC0097FFA1 /* LetsAdopt.app */ = {isa = PBXFileReference; explicitFileType = wrapper.application; includeInIndex = 0; path = LetsAdopt.app; sourceTree = BUILT_PRODUCTS_DIR; };
		EC804B0327C2C0BD0097FFA1 /* AppDelegate.swift */ = {isa = PBXFileReference; lastKnownFileType = sourcecode.swift; path = AppDelegate.swift; sourceTree = "<group>"; };
		EC804B0527C2C0BD0097FFA1 /* SceneDelegate.swift */ = {isa = PBXFileReference; lastKnownFileType = sourcecode.swift; path = SceneDelegate.swift; sourceTree = "<group>"; };
		EC804B0727C2C0BD0097FFA1 /* ViewController.swift */ = {isa = PBXFileReference; lastKnownFileType = sourcecode.swift; path = ViewController.swift; sourceTree = "<group>"; };
		EC804B0A27C2C0BD0097FFA1 /* Base */ = {isa = PBXFileReference; lastKnownFileType = file.storyboard; name = Base; path = Base.lproj/Main.storyboard; sourceTree = "<group>"; };
		EC804B0C27C2C0BF0097FFA1 /* Assets.xcassets */ = {isa = PBXFileReference; lastKnownFileType = folder.assetcatalog; path = Assets.xcassets; sourceTree = "<group>"; };
		EC804B0F27C2C0C00097FFA1 /* Base */ = {isa = PBXFileReference; lastKnownFileType = file.storyboard; name = Base; path = Base.lproj/LaunchScreen.storyboard; sourceTree = "<group>"; };
		EC804B1127C2C0C00097FFA1 /* Info.plist */ = {isa = PBXFileReference; lastKnownFileType = text.plist.xml; path = Info.plist; sourceTree = "<group>"; };
		EC804B1627C2C0C00097FFA1 /* LetsAdoptTests.xctest */ = {isa = PBXFileReference; explicitFileType = wrapper.cfbundle; includeInIndex = 0; path = LetsAdoptTests.xctest; sourceTree = BUILT_PRODUCTS_DIR; };
		EC804B1A27C2C0C00097FFA1 /* LetsAdoptTests.swift */ = {isa = PBXFileReference; lastKnownFileType = sourcecode.swift; path = LetsAdoptTests.swift; sourceTree = "<group>"; };
		EC804B2027C2C0C00097FFA1 /* LetsAdoptUITests.xctest */ = {isa = PBXFileReference; explicitFileType = wrapper.cfbundle; includeInIndex = 0; path = LetsAdoptUITests.xctest; sourceTree = BUILT_PRODUCTS_DIR; };
		EC804B2427C2C0C00097FFA1 /* LetsAdoptUITests.swift */ = {isa = PBXFileReference; lastKnownFileType = sourcecode.swift; path = LetsAdoptUITests.swift; sourceTree = "<group>"; };
		EC804B2627C2C0C00097FFA1 /* LetsAdoptUITestsLaunchTests.swift */ = {isa = PBXFileReference; lastKnownFileType = sourcecode.swift; path = LetsAdoptUITestsLaunchTests.swift; sourceTree = "<group>"; };
/* End PBXFileReference section */

/* Begin PBXFrameworksBuildPhase section */
		EC804AFD27C2C0BC0097FFA1 /* Frameworks */ = {
			isa = PBXFrameworksBuildPhase;
			buildActionMask = 2147483647;
			files = (
			);
			runOnlyForDeploymentPostprocessing = 0;
		};
		EC804B1327C2C0C00097FFA1 /* Frameworks */ = {
			isa = PBXFrameworksBuildPhase;
			buildActionMask = 2147483647;
			files = (
			);
			runOnlyForDeploymentPostprocessing = 0;
		};
		EC804B1D27C2C0C00097FFA1 /* Frameworks */ = {
			isa = PBXFrameworksBuildPhase;
			buildActionMask = 2147483647;
			files = (
			);
			runOnlyForDeploymentPostprocessing = 0;
		};
/* End PBXFrameworksBuildPhase section */

/* Begin PBXGroup section */
		EC804AF727C2C0BC0097FFA1 = {
			isa = PBXGroup;
			children = (
				EC804B0227C2C0BC0097FFA1 /* LetsAdopt */,
				EC804B1927C2C0C00097FFA1 /* LetsAdoptTests */,
				EC804B2327C2C0C00097FFA1 /* LetsAdoptUITests */,
				EC804B0127C2C0BC0097FFA1 /* Products */,
			);
			sourceTree = "<group>";
		};
		EC804B0127C2C0BC0097FFA1 /* Products */ = {
			isa = PBXGroup;
			children = (
				EC804B0027C2C0BC0097FFA1 /* LetsAdopt.app */,
				EC804B1627C2C0C00097FFA1 /* LetsAdoptTests.xctest */,
				EC804B2027C2C0C00097FFA1 /* LetsAdoptUITests.xctest */,
			);
			name = Products;
			sourceTree = "<group>";
		};
		EC804B0227C2C0BC0097FFA1 /* LetsAdopt */ = {
			isa = PBXGroup;
			children = (
				EC804B0327C2C0BD0097FFA1 /* AppDelegate.swift */,
				EC804B0527C2C0BD0097FFA1 /* SceneDelegate.swift */,
				EC804B0727C2C0BD0097FFA1 /* ViewController.swift */,
				EC804B0927C2C0BD0097FFA1 /* Main.storyboard */,
				EC804B0C27C2C0BF0097FFA1 /* Assets.xcassets */,
				EC804B0E27C2C0C00097FFA1 /* LaunchScreen.storyboard */,
				EC804B1127C2C0C00097FFA1 /* Info.plist */,
			);
			path = LetsAdopt;
			sourceTree = "<group>";
		};
		EC804B1927C2C0C00097FFA1 /* LetsAdoptTests */ = {
			isa = PBXGroup;
			children = (
				EC804B1A27C2C0C00097FFA1 /* LetsAdoptTests.swift */,
			);
			path = LetsAdoptTests;
			sourceTree = "<group>";
		};
		EC804B2327C2C0C00097FFA1 /* LetsAdoptUITests */ = {
			isa = PBXGroup;
			children = (
				EC804B2427C2C0C00097FFA1 /* LetsAdoptUITests.swift */,
				EC804B2627C2C0C00097FFA1 /* LetsAdoptUITestsLaunchTests.swift */,
			);
			path = LetsAdoptUITests;
			sourceTree = "<group>";
		};
/* End PBXGroup section */

/* Begin PBXNativeTarget section */
		EC804AFF27C2C0BC0097FFA1 /* LetsAdopt */ = {
			isa = PBXNativeTarget;
			buildConfigurationList = EC804B2A27C2C0C00097FFA1 /* Build configuration list for PBXNativeTarget "LetsAdopt" */;
			buildPhases = (
				EC804AFC27C2C0BC0097FFA1 /* Sources */,
				EC804AFD27C2C0BC0097FFA1 /* Frameworks */,
				EC804AFE27C2C0BC0097FFA1 /* Resources */,
			);
			buildRules = (
			);
			dependencies = (
			);
			name = LetsAdopt;
			productName = LetsAdopt;
			productReference = EC804B0027C2C0BC0097FFA1 /* LetsAdopt.app */;
			productType = "com.apple.product-type.application";
		};
		EC804B1527C2C0C00097FFA1 /* LetsAdoptTests */ = {
			isa = PBXNativeTarget;
			buildConfigurationList = EC804B2D27C2C0C00097FFA1 /* Build configuration list for PBXNativeTarget "LetsAdoptTests" */;
			buildPhases = (
				EC804B1227C2C0C00097FFA1 /* Sources */,
				EC804B1327C2C0C00097FFA1 /* Frameworks */,
				EC804B1427C2C0C00097FFA1 /* Resources */,
			);
			buildRules = (
			);
			dependencies = (
				EC804B1827C2C0C00097FFA1 /* PBXTargetDependency */,
			);
			name = LetsAdoptTests;
			productName = LetsAdoptTests;
			productReference = EC804B1627C2C0C00097FFA1 /* LetsAdoptTests.xctest */;
			productType = "com.apple.product-type.bundle.unit-test";
		};
		EC804B1F27C2C0C00097FFA1 /* LetsAdoptUITests */ = {
			isa = PBXNativeTarget;
			buildConfigurationList = EC804B3027C2C0C00097FFA1 /* Build configuration list for PBXNativeTarget "LetsAdoptUITests" */;
			buildPhases = (
				EC804B1C27C2C0C00097FFA1 /* Sources */,
				EC804B1D27C2C0C00097FFA1 /* Frameworks */,
				EC804B1E27C2C0C00097FFA1 /* Resources */,
			);
			buildRules = (
			);
			dependencies = (
				EC804B2227C2C0C00097FFA1 /* PBXTargetDependency */,
			);
			name = LetsAdoptUITests;
			productName = LetsAdoptUITests;
			productReference = EC804B2027C2C0C00097FFA1 /* LetsAdoptUITests.xctest */;
			productType = "com.apple.product-type.bundle.ui-testing";
		};
/* End PBXNativeTarget section */

/* Begin PBXProject section */
		EC804AF827C2C0BC0097FFA1 /* Project object */ = {
			isa = PBXProject;
			attributes = {
				BuildIndependentTargetsInParallel = 1;
				LastSwiftUpdateCheck = 1320;
				LastUpgradeCheck = 1320;
				TargetAttributes = {
					EC804AFF27C2C0BC0097FFA1 = {
						CreatedOnToolsVersion = 13.2.1;
					};
					EC804B1527C2C0C00097FFA1 = {
						CreatedOnToolsVersion = 13.2.1;
						TestTargetID = EC804AFF27C2C0BC0097FFA1;
					};
					EC804B1F27C2C0C00097FFA1 = {
						CreatedOnToolsVersion = 13.2.1;
						TestTargetID = EC804AFF27C2C0BC0097FFA1;
					};
				};
			};
			buildConfigurationList = EC804AFB27C2C0BC0097FFA1 /* Build configuration list for PBXProject "LetsAdopt" */;
			compatibilityVersion = "Xcode 13.0";
			developmentRegion = en;
			hasScannedForEncodings = 0;
			knownRegions = (
				en,
				Base,
			);
			mainGroup = EC804AF727C2C0BC0097FFA1;
			productRefGroup = EC804B0127C2C0BC0097FFA1 /* Products */;
			projectDirPath = "";
			projectRoot = "";
			targets = (
				EC804AFF27C2C0BC0097FFA1 /* LetsAdopt */,
				EC804B1527C2C0C00097FFA1 /* LetsAdoptTests */,
				EC804B1F27C2C0C00097FFA1 /* LetsAdoptUITests */,
			);
		};
/* End PBXProject section */

/* Begin PBXResourcesBuildPhase section */
		EC804AFE27C2C0BC0097FFA1 /* Resources */ = {
			isa = PBXResourcesBuildPhase;
			buildActionMask = 2147483647;
			files = (
				EC804B1027C2C0C00097FFA1 /* LaunchScreen.storyboard in Resources */,
				EC804B0D27C2C0BF0097FFA1 /* Assets.xcassets in Resources */,
				EC804B0B27C2C0BD0097FFA1 /* Main.storyboard in Resources */,
			);
			runOnlyForDeploymentPostprocessing = 0;
		};
		EC804B1427C2C0C00097FFA1 /* Resources */ = {
			isa = PBXResourcesBuildPhase;
			buildActionMask = 2147483647;
			files = (
			);
			runOnlyForDeploymentPostprocessing = 0;
		};
		EC804B1E27C2C0C00097FFA1 /* Resources */ = {
			isa = PBXResourcesBuildPhase;
			buildActionMask = 2147483647;
			files = (
			);
			runOnlyForDeploymentPostprocessing = 0;
		};
/* End PBXResourcesBuildPhase section */

/* Begin PBXSourcesBuildPhase section */
		EC804AFC27C2C0BC0097FFA1 /* Sources */ = {
			isa = PBXSourcesBuildPhase;
			buildActionMask = 2147483647;
			files = (
				EC804B0827C2C0BD0097FFA1 /* ViewController.swift in Sources */,
				EC804B0427C2C0BD0097FFA1 /* AppDelegate.swift in Sources */,
				EC804B0627C2C0BD0097FFA1 /* SceneDelegate.swift in Sources */,
			);
			runOnlyForDeploymentPostprocessing = 0;
		};
		EC804B1227C2C0C00097FFA1 /* Sources */ = {
			isa = PBXSourcesBuildPhase;
			buildActionMask = 2147483647;
			files = (
				EC804B1B27C2C0C00097FFA1 /* LetsAdoptTests.swift in Sources */,
			);
			runOnlyForDeploymentPostprocessing = 0;
		};
		EC804B1C27C2C0C00097FFA1 /* Sources */ = {
			isa = PBXSourcesBuildPhase;
			buildActionMask = 2147483647;
			files = (
				EC804B2527C2C0C00097FFA1 /* LetsAdoptUITests.swift in Sources */,
				EC804B2727C2C0C00097FFA1 /* LetsAdoptUITestsLaunchTests.swift in Sources */,
			);
			runOnlyForDeploymentPostprocessing = 0;
		};
/* End PBXSourcesBuildPhase section */

/* Begin PBXTargetDependency section */
		EC804B1827C2C0C00097FFA1 /* PBXTargetDependency */ = {
			isa = PBXTargetDependency;
			target = EC804AFF27C2C0BC0097FFA1 /* LetsAdopt */;
			targetProxy = EC804B1727C2C0C00097FFA1 /* PBXContainerItemProxy */;
		};
		EC804B2227C2C0C00097FFA1 /* PBXTargetDependency */ = {
			isa = PBXTargetDependency;
			target = EC804AFF27C2C0BC0097FFA1 /* LetsAdopt */;
			targetProxy = EC804B2127C2C0C00097FFA1 /* PBXContainerItemProxy */;
		};
/* End PBXTargetDependency section */

/* Begin PBXVariantGroup section */
		EC804B0927C2C0BD0097FFA1 /* Main.storyboard */ = {
			isa = PBXVariantGroup;
			children = (
				EC804B0A27C2C0BD0097FFA1 /* Base */,
			);
			name = Main.storyboard;
			sourceTree = "<group>";
		};
		EC804B0E27C2C0C00097FFA1 /* LaunchScreen.storyboard */ = {
			isa = PBXVariantGroup;
			children = (
				EC804B0F27C2C0C00097FFA1 /* Base */,
			);
			name = LaunchScreen.storyboard;
			sourceTree = "<group>";
		};
/* End PBXVariantGroup section */

/* Begin XCBuildConfiguration section */
		EC804B2827C2C0C00097FFA1 /* Debug */ = {
			isa = XCBuildConfiguration;
			buildSettings = {
				ALWAYS_SEARCH_USER_PATHS = NO;
				CLANG_ANALYZER_NONNULL = YES;
				CLANG_ANALYZER_NUMBER_OBJECT_CONVERSION = YES_AGGRESSIVE;
				CLANG_CXX_LANGUAGE_STANDARD = "gnu++17";
				CLANG_CXX_LIBRARY = "libc++";
				CLANG_ENABLE_MODULES = YES;
				CLANG_ENABLE_OBJC_ARC = YES;
				CLANG_ENABLE_OBJC_WEAK = YES;
				CLANG_WARN_BLOCK_CAPTURE_AUTORELEASING = YES;
				CLANG_WARN_BOOL_CONVERSION = YES;
				CLANG_WARN_COMMA = YES;
				CLANG_WARN_CONSTANT_CONVERSION = YES;
				CLANG_WARN_DEPRECATED_OBJC_IMPLEMENTATIONS = YES;
				CLANG_WARN_DIRECT_OBJC_ISA_USAGE = YES_ERROR;
				CLANG_WARN_DOCUMENTATION_COMMENTS = YES;
				CLANG_WARN_EMPTY_BODY = YES;
				CLANG_WARN_ENUM_CONVERSION = YES;
				CLANG_WARN_INFINITE_RECURSION = YES;
				CLANG_WARN_INT_CONVERSION = YES;
				CLANG_WARN_NON_LITERAL_NULL_CONVERSION = YES;
				CLANG_WARN_OBJC_IMPLICIT_RETAIN_SELF = YES;
				CLANG_WARN_OBJC_LITERAL_CONVERSION = YES;
				CLANG_WARN_OBJC_ROOT_CLASS = YES_ERROR;
				CLANG_WARN_QUOTED_INCLUDE_IN_FRAMEWORK_HEADER = YES;
				CLANG_WARN_RANGE_LOOP_ANALYSIS = YES;
				CLANG_WARN_STRICT_PROTOTYPES = YES;
				CLANG_WARN_SUSPICIOUS_MOVE = YES;
				CLANG_WARN_UNGUARDED_AVAILABILITY = YES_AGGRESSIVE;
				CLANG_WARN_UNREACHABLE_CODE = YES;
				CLANG_WARN__DUPLICATE_METHOD_MATCH = YES;
				COPY_PHASE_STRIP = NO;
				DEBUG_INFORMATION_FORMAT = dwarf;
				ENABLE_STRICT_OBJC_MSGSEND = YES;
				ENABLE_TESTABILITY = YES;
				GCC_C_LANGUAGE_STANDARD = gnu11;
				GCC_DYNAMIC_NO_PIC = NO;
				GCC_NO_COMMON_BLOCKS = YES;
				GCC_OPTIMIZATION_LEVEL = 0;
				GCC_PREPROCESSOR_DEFINITIONS = (
					"DEBUG=1",
					"$(inherited)",
				);
				GCC_WARN_64_TO_32_BIT_CONVERSION = YES;
				GCC_WARN_ABOUT_RETURN_TYPE = YES_ERROR;
				GCC_WARN_UNDECLARED_SELECTOR = YES;
				GCC_WARN_UNINITIALIZED_AUTOS = YES_AGGRESSIVE;
				GCC_WARN_UNUSED_FUNCTION = YES;
				GCC_WARN_UNUSED_VARIABLE = YES;
				IPHONEOS_DEPLOYMENT_TARGET = 15.2;
				MTL_ENABLE_DEBUG_INFO = INCLUDE_SOURCE;
				MTL_FAST_MATH = YES;
				ONLY_ACTIVE_ARCH = YES;
				SDKROOT = iphoneos;
				SWIFT_ACTIVE_COMPILATION_CONDITIONS = DEBUG;
				SWIFT_OPTIMIZATION_LEVEL = "-Onone";
			};
			name = Debug;
		};
		EC804B2927C2C0C00097FFA1 /* Release */ = {
			isa = XCBuildConfiguration;
			buildSettings = {
				ALWAYS_SEARCH_USER_PATHS = NO;
				CLANG_ANALYZER_NONNULL = YES;
				CLANG_ANALYZER_NUMBER_OBJECT_CONVERSION = YES_AGGRESSIVE;
				CLANG_CXX_LANGUAGE_STANDARD = "gnu++17";
				CLANG_CXX_LIBRARY = "libc++";
				CLANG_ENABLE_MODULES = YES;
				CLANG_ENABLE_OBJC_ARC = YES;
				CLANG_ENABLE_OBJC_WEAK = YES;
				CLANG_WARN_BLOCK_CAPTURE_AUTORELEASING = YES;
				CLANG_WARN_BOOL_CONVERSION = YES;
				CLANG_WARN_COMMA = YES;
				CLANG_WARN_CONSTANT_CONVERSION = YES;
				CLANG_WARN_DEPRECATED_OBJC_IMPLEMENTATIONS = YES;
				CLANG_WARN_DIRECT_OBJC_ISA_USAGE = YES_ERROR;
				CLANG_WARN_DOCUMENTATION_COMMENTS = YES;
				CLANG_WARN_EMPTY_BODY = YES;
				CLANG_WARN_ENUM_CONVERSION = YES;
				CLANG_WARN_INFINITE_RECURSION = YES;
				CLANG_WARN_INT_CONVERSION = YES;
				CLANG_WARN_NON_LITERAL_NULL_CONVERSION = YES;
				CLANG_WARN_OBJC_IMPLICIT_RETAIN_SELF = YES;
				CLANG_WARN_OBJC_LITERAL_CONVERSION = YES;
				CLANG_WARN_OBJC_ROOT_CLASS = YES_ERROR;
				CLANG_WARN_QUOTED_INCLUDE_IN_FRAMEWORK_HEADER = YES;
				CLANG_WARN_RANGE_LOOP_ANALYSIS = YES;
				CLANG_WARN_STRICT_PROTOTYPES = YES;
				CLANG_WARN_SUSPICIOUS_MOVE = YES;
				CLANG_WARN_UNGUARDED_AVAILABILITY = YES_AGGRESSIVE;
				CLANG_WARN_UNREACHABLE_CODE = YES;
				CLANG_WARN__DUPLICATE_METHOD_MATCH = YES;
				COPY_PHASE_STRIP = NO;
				DEBUG_INFORMATION_FORMAT = "dwarf-with-dsym";
				ENABLE_NS_ASSERTIONS = NO;
				ENABLE_STRICT_OBJC_MSGSEND = YES;
				GCC_C_LANGUAGE_STANDARD = gnu11;
				GCC_NO_COMMON_BLOCKS = YES;
				GCC_WARN_64_TO_32_BIT_CONVERSION = YES;
				GCC_WARN_ABOUT_RETURN_TYPE = YES_ERROR;
				GCC_WARN_UNDECLARED_SELECTOR = YES;
				GCC_WARN_UNINITIALIZED_AUTOS = YES_AGGRESSIVE;
				GCC_WARN_UNUSED_FUNCTION = YES;
				GCC_WARN_UNUSED_VARIABLE = YES;
				IPHONEOS_DEPLOYMENT_TARGET = 15.2;
				MTL_ENABLE_DEBUG_INFO = NO;
				MTL_FAST_MATH = YES;
				SDKROOT = iphoneos;
				SWIFT_COMPILATION_MODE = wholemodule;
				SWIFT_OPTIMIZATION_LEVEL = "-O";
				VALIDATE_PRODUCT = YES;
			};
			name = Release;
		};
		EC804B2B27C2C0C00097FFA1 /* Debug */ = {
			isa = XCBuildConfiguration;
			buildSettings = {
				ASSETCATALOG_COMPILER_APPICON_NAME = AppIcon;
				ASSETCATALOG_COMPILER_GLOBAL_ACCENT_COLOR_NAME = AccentColor;
				CODE_SIGN_STYLE = Automatic;
				CURRENT_PROJECT_VERSION = 1;
				DEVELOPMENT_TEAM = B64MGY93X6;
				GENERATE_INFOPLIST_FILE = YES;
				INFOPLIST_FILE = LetsAdopt/Info.plist;
				INFOPLIST_KEY_UIApplicationSupportsIndirectInputEvents = YES;
				INFOPLIST_KEY_UILaunchStoryboardName = LaunchScreen;
				INFOPLIST_KEY_UIMainStoryboardFile = Main;
				INFOPLIST_KEY_UISupportedInterfaceOrientations_iPad = "UIInterfaceOrientationPortrait UIInterfaceOrientationPortraitUpsideDown UIInterfaceOrientationLandscapeLeft UIInterfaceOrientationLandscapeRight";
				INFOPLIST_KEY_UISupportedInterfaceOrientations_iPhone = "UIInterfaceOrientationPortrait UIInterfaceOrientationLandscapeLeft UIInterfaceOrientationLandscapeRight";
				LD_RUNPATH_SEARCH_PATHS = (
					"$(inherited)",
					"@executable_path/Frameworks",
				);
				MARKETING_VERSION = 1.0;
				PRODUCT_BUNDLE_IDENTIFIER = com.jorismarhuenda.LetsAdopt;
				PRODUCT_NAME = "$(TARGET_NAME)";
				SWIFT_EMIT_LOC_STRINGS = YES;
				SWIFT_VERSION = 5.0;
				TARGETED_DEVICE_FAMILY = "1,2";
			};
			name = Debug;
		};
		EC804B2C27C2C0C00097FFA1 /* Release */ = {
			isa = XCBuildConfiguration;
			buildSettings = {
				ASSETCATALOG_COMPILER_APPICON_NAME = AppIcon;
				ASSETCATALOG_COMPILER_GLOBAL_ACCENT_COLOR_NAME = AccentColor;
				CODE_SIGN_STYLE = Automatic;
				CURRENT_PROJECT_VERSION = 1;
				DEVELOPMENT_TEAM = B64MGY93X6;
				GENERATE_INFOPLIST_FILE = YES;
				INFOPLIST_FILE = LetsAdopt/Info.plist;
				INFOPLIST_KEY_UIApplicationSupportsIndirectInputEvents = YES;
				INFOPLIST_KEY_UILaunchStoryboardName = LaunchScreen;
				INFOPLIST_KEY_UIMainStoryboardFile = Main;
				INFOPLIST_KEY_UISupportedInterfaceOrientations_iPad = "UIInterfaceOrientationPortrait UIInterfaceOrientationPortraitUpsideDown UIInterfaceOrientationLandscapeLeft UIInterfaceOrientationLandscapeRight";
				INFOPLIST_KEY_UISupportedInterfaceOrientations_iPhone = "UIInterfaceOrientationPortrait UIInterfaceOrientationLandscapeLeft UIInterfaceOrientationLandscapeRight";
				LD_RUNPATH_SEARCH_PATHS = (
					"$(inherited)",
					"@executable_path/Frameworks",
				);
				MARKETING_VERSION = 1.0;
				PRODUCT_BUNDLE_IDENTIFIER = com.jorismarhuenda.LetsAdopt;
				PRODUCT_NAME = "$(TARGET_NAME)";
				SWIFT_EMIT_LOC_STRINGS = YES;
				SWIFT_VERSION = 5.0;
				TARGETED_DEVICE_FAMILY = "1,2";
			};
			name = Release;
		};
		EC804B2E27C2C0C00097FFA1 /* Debug */ = {
			isa = XCBuildConfiguration;
			buildSettings = {
				ALWAYS_EMBED_SWIFT_STANDARD_LIBRARIES = YES;
				BUNDLE_LOADER = "$(TEST_HOST)";
				CODE_SIGN_STYLE = Automatic;
				CURRENT_PROJECT_VERSION = 1;
				DEVELOPMENT_TEAM = B64MGY93X6;
				GENERATE_INFOPLIST_FILE = YES;
				IPHONEOS_DEPLOYMENT_TARGET = 15.2;
				MARKETING_VERSION = 1.0;
				PRODUCT_BUNDLE_IDENTIFIER = com.jorismarhuenda.LetsAdoptTests;
				PRODUCT_NAME = "$(TARGET_NAME)";
				SWIFT_EMIT_LOC_STRINGS = NO;
				SWIFT_VERSION = 5.0;
				TARGETED_DEVICE_FAMILY = "1,2";
				TEST_HOST = "$(BUILT_PRODUCTS_DIR)/LetsAdopt.app/LetsAdopt";
			};
			name = Debug;
		};
		EC804B2F27C2C0C00097FFA1 /* Release */ = {
			isa = XCBuildConfiguration;
			buildSettings = {
				ALWAYS_EMBED_SWIFT_STANDARD_LIBRARIES = YES;
				BUNDLE_LOADER = "$(TEST_HOST)";
				CODE_SIGN_STYLE = Automatic;
				CURRENT_PROJECT_VERSION = 1;
				DEVELOPMENT_TEAM = B64MGY93X6;
				GENERATE_INFOPLIST_FILE = YES;
				IPHONEOS_DEPLOYMENT_TARGET = 15.2;
				MARKETING_VERSION = 1.0;
				PRODUCT_BUNDLE_IDENTIFIER = com.jorismarhuenda.LetsAdoptTests;
				PRODUCT_NAME = "$(TARGET_NAME)";
				SWIFT_EMIT_LOC_STRINGS = NO;
				SWIFT_VERSION = 5.0;
				TARGETED_DEVICE_FAMILY = "1,2";
				TEST_HOST = "$(BUILT_PRODUCTS_DIR)/LetsAdopt.app/LetsAdopt";
			};
			name = Release;
		};
		EC804B3127C2C0C00097FFA1 /* Debug */ = {
			isa = XCBuildConfiguration;
			buildSettings = {
				ALWAYS_EMBED_SWIFT_STANDARD_LIBRARIES = YES;
				CODE_SIGN_STYLE = Automatic;
				CURRENT_PROJECT_VERSION = 1;
				DEVELOPMENT_TEAM = B64MGY93X6;
				GENERATE_INFOPLIST_FILE = YES;
				MARKETING_VERSION = 1.0;
				PRODUCT_BUNDLE_IDENTIFIER = com.jorismarhuenda.LetsAdoptUITests;
				PRODUCT_NAME = "$(TARGET_NAME)";
				SWIFT_EMIT_LOC_STRINGS = NO;
				SWIFT_VERSION = 5.0;
				TARGETED_DEVICE_FAMILY = "1,2";
				TEST_TARGET_NAME = LetsAdopt;
			};
			name = Debug;
		};
		EC804B3227C2C0C00097FFA1 /* Release */ = {
			isa = XCBuildConfiguration;
			buildSettings = {
				ALWAYS_EMBED_SWIFT_STANDARD_LIBRARIES = YES;
				CODE_SIGN_STYLE = Automatic;
				CURRENT_PROJECT_VERSION = 1;
				DEVELOPMENT_TEAM = B64MGY93X6;
				GENERATE_INFOPLIST_FILE = YES;
				MARKETING_VERSION = 1.0;
				PRODUCT_BUNDLE_IDENTIFIER = com.jorismarhuenda.LetsAdoptUITests;
				PRODUCT_NAME = "$(TARGET_NAME)";
				SWIFT_EMIT_LOC_STRINGS = NO;
				SWIFT_VERSION = 5.0;
				TARGETED_DEVICE_FAMILY = "1,2";
				TEST_TARGET_NAME = LetsAdopt;
			};
			name = Release;
		};
/* End XCBuildConfiguration section */

/* Begin XCConfigurationList section */
		EC804AFB27C2C0BC0097FFA1 /* Build configuration list for PBXProject "LetsAdopt" */ = {
			isa = XCConfigurationList;
			buildConfigurations = (
				EC804B2827C2C0C00097FFA1 /* Debug */,
				EC804B2927C2C0C00097FFA1 /* Release */,
			);
			defaultConfigurationIsVisible = 0;
			defaultConfigurationName = Release;
		};
		EC804B2A27C2C0C00097FFA1 /* Build configuration list for PBXNativeTarget "LetsAdopt" */ = {
			isa = XCConfigurationList;
			buildConfigurations = (
				EC804B2B27C2C0C00097FFA1 /* Debug */,
				EC804B2C27C2C0C00097FFA1 /* Release */,
			);
			defaultConfigurationIsVisible = 0;
			defaultConfigurationName = Release;
		};
		EC804B2D27C2C0C00097FFA1 /* Build configuration list for PBXNativeTarget "LetsAdoptTests" */ = {
			isa = XCConfigurationList;
			buildConfigurations = (
				EC804B2E27C2C0C00097FFA1 /* Debug */,
				EC804B2F27C2C0C00097FFA1 /* Release */,
			);
			defaultConfigurationIsVisible = 0;
			defaultConfigurationName = Release;
		};
		EC804B3027C2C0C00097FFA1 /* Build configuration list for PBXNativeTarget "LetsAdoptUITests" */ = {
			isa = XCConfigurationList;
			buildConfigurations = (
				EC804B3127C2C0C00097FFA1 /* Debug */,
				EC804B3227C2C0C00097FFA1 /* Release */,
			);
			defaultConfigurationIsVisible = 0;
			defaultConfigurationName = Release;
		};
/* End XCConfigurationList section */
	};
	rootObject = EC804AF827C2C0BC0097FFA1 /* Project object */;
}
